{
  "version": 4,
  "terraform_version": "1.4.0",
  "serial": 12,
  "lineage": "d59472ff-0359-4b1b-2b2f-cb3281eae106",
  "outputs": {},
  "resources": [
    {
      "mode": "managed",
      "type": "aws_instance",
      "name": "test",
      "provider": "provider[\"registry.terraform.io/hashicorp/aws\"]",
      "instances": [
        {
          "schema_version": 1,
          "attributes": {
            "ami": "ami-0d81306eddc614a45",
            "arn": "arn:aws:ec2:ap-south-1:812672534251:instance/i-07dad779c6fef8ac3",
            "associate_public_ip_address": true,
            "availability_zone": "ap-south-1a",
            "capacity_reservation_specification": [
              {
                "capacity_reservation_preference": "open",
                "capacity_reservation_target": []
              }
            ],
            "cpu_core_count": 1,
            "cpu_threads_per_core": 1,
            "credit_specification": [
              {
                "cpu_credits": "standard"
              }
            ],
            "disable_api_stop": false,
            "disable_api_termination": false,
            "ebs_block_device": [],
            "ebs_optimized": false,
            "enclave_options": [
              {
                "enabled": false
              }
            ],
            "ephemeral_block_device": [],
            "get_password_data": false,
            "hibernation": false,
            "host_id": "",
            "host_resource_group_arn": null,
            "iam_instance_profile": "",
            "id": "i-07dad779c6fef8ac3",
            "instance_initiated_shutdown_behavior": "stop",
            "instance_state": "running",
            "instance_type": "t2.micro",
            "ipv6_address_count": 0,
            "ipv6_addresses": [],
            "key_name": "",
            "launch_template": [],
            "maintenance_options": [
              {
                "auto_recovery": "default"
              }
            ],
            "metadata_options": [
              {
                "http_endpoint": "enabled",
                "http_put_response_hop_limit": 1,
                "http_tokens": "optional",
                "instance_metadata_tags": "disabled"
              }
            ],
            "monitoring": false,
            "network_interface": [],
            "outpost_arn": "",
            "password_data": "",
            "placement_group": "",
            "placement_partition_number": 0,
            "primary_network_interface_id": "eni-0a887619b1f9d9d7e",
            "private_dns": "ip-172-31-44-236.ap-south-1.compute.internal",
            "private_dns_name_options": [
              {
                "enable_resource_name_dns_a_record": false,
                "enable_resource_name_dns_aaaa_record": false,
                "hostname_type": "ip-name"
              }
            ],
            "private_ip": "172.31.44.236",
            "public_dns": "ec2-13-127-169-79.ap-south-1.compute.amazonaws.com",
            "public_ip": "13.127.169.79",
            "root_block_device": [
              {
                "delete_on_termination": true,
                "device_name": "/dev/xvda",
                "encrypted": false,
                "iops": 100,
                "kms_key_id": "",
                "tags": {},
                "throughput": 0,
                "volume_id": "vol-0b5d6bd0c956dac51",
                "volume_size": 8,
                "volume_type": "gp2"
              }
            ],
            "secondary_private_ips": [],
            "security_groups": [
              "default"
            ],
            "source_dest_check": true,
            "subnet_id": "subnet-039fe80f8230fcfe0",
            "tags": {
              "Name": "pramod-tf"
            },
            "tags_all": {
              "Name": "pramod-tf"
            },
            "tenancy": "default",
            "timeouts": null,
            "user_data": null,
            "user_data_base64": null,
            "user_data_replace_on_change": false,
            "volume_tags": null,
            "vpc_security_group_ids": [
              "sg-059b87ad5c7afe601"
            ]
          },
          "sensitive_attributes": [],
          "private": "eyJlMmJmYjczMC1lY2FhLTExZTYtOGY4OC0zNDM2M2JjN2M0YzAiOnsiY3JlYXRlIjo2MDAwMDAwMDAwMDAsImRlbGV0ZSI6MTIwMDAwMDAwMDAwMCwidXBkYXRlIjo2MDAwMDAwMDAwMDB9LCJzY2hlbWFfdmVyc2lvbiI6IjEifQ=="
        }
      ]
    },
    {
      "mode": "managed",
      "type": "aws_key_pair",
      "name": "deployer",
      "provider": "provider[\"registry.terraform.io/hashicorp/aws\"]",
      "instances": [
        {
          "schema_version": 1,
          "attributes": {
            "arn": "arn:aws:ec2:ap-south-1:812672534251:key-pair/mumbai-region-key.pem",
            "fingerprint": "d5:2d:f7:a5:bb:b0:6e:af:b0:3a:8d:81:5e:0c:02:55",
            "id": "mumbai-region-key.pem",
            "key_name": "mumbai-region-key.pem",
            "key_name_prefix": "",
            "key_pair_id": "key-05270d523ece9e86d",
            "key_type": "rsa",
            "public_key": "ssh-rsa AAAAB3NzaC1yc2EAAAADAQABAAABAQC6O5C9uwJHA42fO3vnD6leJvFFbOvb83esdGXfsrNERl5pWxk5U9FeeycuNdiZCdbsQk4gMRfgZBbJhba7e2/UNeUpYO0wDvDHMmNPwbi2299iLSUY9+CHHBg+/f9rCeEcrZZP0XHEBe9vM1x+Qxce/DgkkXHmUOkPzk7fm8dCxMy1xX4bv5z1zXEk6fzuo277UHIqN163JtxV2ca/aZoyUSjKlBrWJBttkNm6eOV3d56q0PAjG2k/PgsTudts+eDQqHNs2lIlDSqHMMuwzRAJ8MRKDcUpTQ9z7SVaBBr1oEeSWwLY+GKx+eWBGsJkCF2jdDQyRxcDKD9tC94u2xUR root@ip-172-31-43-48.ap-south-1.compute.internal",
            "tags": null,
            "tags_all": {}
          },
          "sensitive_attributes": [],
          "private": "eyJzY2hlbWFfdmVyc2lvbiI6IjEifQ=="
        }
      ]
    }
  ],
  "check_results": null
}
